// !$*UTF8*$!
{
	archiveVersion = 1;
	classes = {
	};
	objectVersion = 56;
	objects = {

/* Begin PBXBuildFile section */
		1D203CD02A47BF4F00B8DEBA /* Assets.xcassets in Resources */ = {isa = PBXBuildFile; fileRef = 1D203CCF2A47BF4F00B8DEBA /* Assets.xcassets */; };
		1D203CD32A47BF4F00B8DEBA /* Preview Assets.xcassets in Resources */ = {isa = PBXBuildFile; fileRef = 1D203CD22A47BF4F00B8DEBA /* Preview Assets.xcassets */; };
		1D203CDF2A47BF6000B8DEBA /* Networking in Resources */ = {isa = PBXBuildFile; fileRef = 1D203CD92A47BF5F00B8DEBA /* Networking */; };
		1D203CE02A47BF6000B8DEBA /* Application in Resources */ = {isa = PBXBuildFile; fileRef = 1D203CDA2A47BF5F00B8DEBA /* Application */; };
		1D203CE12A47BF6000B8DEBA /* CoreAdditions in Resources */ = {isa = PBXBuildFile; fileRef = 1D203CDB2A47BF5F00B8DEBA /* CoreAdditions */; };
		1D203CE32A47BF6000B8DEBA /* Views in Resources */ = {isa = PBXBuildFile; fileRef = 1D203CDD2A47BF5F00B8DEBA /* Views */; };
		1D203CE42A47BF6000B8DEBA /* Models in Resources */ = {isa = PBXBuildFile; fileRef = 1D203CDE2A47BF6000B8DEBA /* Models */; };
/* End PBXBuildFile section */

/* Begin PBXFileReference section */
		1D203CC82A47BF4E00B8DEBA /* Poetry.app */ = {isa = PBXFileReference; explicitFileType = wrapper.application; includeInIndex = 0; path = Poetry.app; sourceTree = BUILT_PRODUCTS_DIR; };
		1D203CCF2A47BF4F00B8DEBA /* Assets.xcassets */ = {isa = PBXFileReference; lastKnownFileType = folder.assetcatalog; path = Assets.xcassets; sourceTree = "<group>"; };
		1D203CD22A47BF4F00B8DEBA /* Preview Assets.xcassets */ = {isa = PBXFileReference; lastKnownFileType = folder.assetcatalog; path = "Preview Assets.xcassets"; sourceTree = "<group>"; };
		1D203CD92A47BF5F00B8DEBA /* Networking */ = {isa = PBXFileReference; lastKnownFileType = folder; path = Networking; sourceTree = "<group>"; };
		1D203CDA2A47BF5F00B8DEBA /* Application */ = {isa = PBXFileReference; lastKnownFileType = folder; path = Application; sourceTree = "<group>"; };
		1D203CDB2A47BF5F00B8DEBA /* CoreAdditions */ = {isa = PBXFileReference; lastKnownFileType = folder; path = CoreAdditions; sourceTree = "<group>"; };
		1D203CDD2A47BF5F00B8DEBA /* Views */ = {isa = PBXFileReference; lastKnownFileType = folder; path = Views; sourceTree = "<group>"; };
		1D203CDE2A47BF6000B8DEBA /* Models */ = {isa = PBXFileReference; lastKnownFileType = folder; path = Models; sourceTree = "<group>"; };
/* End PBXFileReference section */

/* Begin PBXFrameworksBuildPhase section */
		1D203CC52A47BF4E00B8DEBA /* Frameworks */ = {
			isa = PBXFrameworksBuildPhase;
			buildActionMask = 2147483647;
			files = (
			);
			runOnlyForDeploymentPostprocessing = 0;
		};
/* End PBXFrameworksBuildPhase section */

/* Begin PBXGroup section */
		1D203CBF2A47BF4E00B8DEBA = {
			isa = PBXGroup;
			children = (
				1D203CCA2A47BF4E00B8DEBA /* Poetry */,
				1D203CC92A47BF4E00B8DEBA /* Products */,
			);
			sourceTree = "<group>";
		};
		1D203CC92A47BF4E00B8DEBA /* Products */ = {
			isa = PBXGroup;
			children = (
				1D203CC82A47BF4E00B8DEBA /* Poetry.app */,
			);
			name = Products;
			sourceTree = "<group>";
		};
		1D203CCA2A47BF4E00B8DEBA /* Poetry */ = {
			isa = PBXGroup;
			children = (
				1D203CCF2A47BF4F00B8DEBA /* Assets.xcassets */,
				1D203CDA2A47BF5F00B8DEBA /* Application */,
				1D203CDB2A47BF5F00B8DEBA /* CoreAdditions */,
				1D203CDE2A47BF6000B8DEBA /* Models */,
				1D203CD92A47BF5F00B8DEBA /* Networking */,
				1D203CDD2A47BF5F00B8DEBA /* Views */,
				1D203CD12A47BF4F00B8DEBA /* Preview Content */,
			);
			path = Poetry;
			sourceTree = "<group>";
		};
		1D203CD12A47BF4F00B8DEBA /* Preview Content */ = {
			isa = PBXGroup;
			children = (
				1D203CD22A47BF4F00B8DEBA /* Preview Assets.xcassets */,
			);
			path = "Preview Content";
			sourceTree = "<group>";
		};
/* End PBXGroup section */

/* Begin PBXNativeTarget section */
		1D203CC72A47BF4E00B8DEBA /* Poetry */ = {
			isa = PBXNativeTarget;
			buildConfigurationList = 1D203CD62A47BF4F00B8DEBA /* Build configuration list for PBXNativeTarget "Poetry" */;
			buildPhases = (
				1D203CC42A47BF4E00B8DEBA /* Sources */,
				1D203CC52A47BF4E00B8DEBA /* Frameworks */,
				1D203CC62A47BF4E00B8DEBA /* Resources */,
			);
			buildRules = (
			);
			dependencies = (
			);
			name = Poetry;
			productName = Poetry;
			productReference = 1D203CC82A47BF4E00B8DEBA /* Poetry.app */;
			productType = "com.apple.product-type.application";
		};
/* End PBXNativeTarget section */

/* Begin PBXProject section */
		1D203CC02A47BF4E00B8DEBA /* Project object */ = {
			isa = PBXProject;
			attributes = {
				BuildIndependentTargetsInParallel = 1;
				LastSwiftUpdateCheck = 1500;
				LastUpgradeCheck = 1500;
				TargetAttributes = {
					1D203CC72A47BF4E00B8DEBA = {
						CreatedOnToolsVersion = 15.0;
					};
				};
			};
			buildConfigurationList = 1D203CC32A47BF4E00B8DEBA /* Build configuration list for PBXProject "Poetry" */;
			compatibilityVersion = "Xcode 14.0";
			developmentRegion = en;
			hasScannedForEncodings = 0;
			knownRegions = (
				en,
				Base,
			);
			mainGroup = 1D203CBF2A47BF4E00B8DEBA;
			productRefGroup = 1D203CC92A47BF4E00B8DEBA /* Products */;
			projectDirPath = "";
			projectRoot = "";
			targets = (
				1D203CC72A47BF4E00B8DEBA /* Poetry */,
			);
		};
/* End PBXProject section */

/* Begin PBXResourcesBuildPhase section */
		1D203CC62A47BF4E00B8DEBA /* Resources */ = {
			isa = PBXResourcesBuildPhase;
			buildActionMask = 2147483647;
			files = (
				1D203CDF2A47BF6000B8DEBA /* Networking in Resources */,
				1D203CD32A47BF4F00B8DEBA /* Preview Assets.xcassets in Resources */,
				1D203CD02A47BF4F00B8DEBA /* Assets.xcassets in Resources */,
				1D203CE32A47BF6000B8DEBA /* Views in Resources */,
				1D203CE02A47BF6000B8DEBA /* Application in Resources */,
				1D203CE42A47BF6000B8DEBA /* Models in Resources */,
				1D203CE12A47BF6000B8DEBA /* CoreAdditions in Resources */,
			);
			runOnlyForDeploymentPostprocessing = 0;
		};
/* End PBXResourcesBuildPhase section */

/* Begin PBXSourcesBuildPhase section */
		1D203CC42A47BF4E00B8DEBA /* Sources */ = {
			isa = PBXSourcesBuildPhase;
			buildActionMask = 2147483647;
			files = (
			);
			runOnlyForDeploymentPostprocessing = 0;
		};
/* End PBXSourcesBuildPhase section */

/* Begin XCBuildConfiguration section */
		1D203CD42A47BF4F00B8DEBA /* Debug */ = {
			isa = XCBuildConfiguration;
			buildSettings = {
				ALWAYS_SEARCH_USER_PATHS = NO;
				ASSETCATALOG_COMPILER_GENERATE_SWIFT_ASSET_SYMBOL_EXTENSIONS = YES;
				CLANG_ANALYZER_NONNULL = YES;
				CLANG_ANALYZER_NUMBER_OBJECT_CONVERSION = YES_AGGRESSIVE;
				CLANG_CXX_LANGUAGE_STANDARD = "gnu++20";
				CLANG_ENABLE_MODULES = YES;
				CLANG_ENABLE_OBJC_ARC = YES;
				CLANG_ENABLE_OBJC_WEAK = YES;
				CLANG_WARN_BLOCK_CAPTURE_AUTORELEASING = YES;
				CLANG_WARN_BOOL_CONVERSION = YES;
				CLANG_WARN_COMMA = YES;
				CLANG_WARN_CONSTANT_CONVERSION = YES;
				CLANG_WARN_DEPRECATED_OBJC_IMPLEMENTATIONS = YES;
				CLANG_WARN_DIRECT_OBJC_ISA_USAGE = YES_ERROR;
				CLANG_WARN_DOCUMENTATION_COMMENTS = YES;
				CLANG_WARN_EMPTY_BODY = YES;
				CLANG_WARN_ENUM_CONVERSION = YES;
				CLANG_WARN_INFINITE_RECURSION = YES;
				CLANG_WARN_INT_CONVERSION = YES;
				CLANG_WARN_NON_LITERAL_NULL_CONVERSION = YES;
				CLANG_WARN_OBJC_IMPLICIT_RETAIN_SELF = YES;
				CLANG_WARN_OBJC_LITERAL_CONVERSION = YES;
				CLANG_WARN_OBJC_ROOT_CLASS = YES_ERROR;
				CLANG_WARN_QUOTED_INCLUDE_IN_FRAMEWORK_HEADER = YES;
				CLANG_WARN_RANGE_LOOP_ANALYSIS = YES;
				CLANG_WARN_STRICT_PROTOTYPES = YES;
				CLANG_WARN_SUSPICIOUS_MOVE = YES;
				CLANG_WARN_UNGUARDED_AVAILABILITY = YES_AGGRESSIVE;
				CLANG_WARN_UNREACHABLE_CODE = YES;
				CLANG_WARN__DUPLICATE_METHOD_MATCH = YES;
				COPY_PHASE_STRIP = NO;
				DEBUG_INFORMATION_FORMAT = dwarf;
				ENABLE_STRICT_OBJC_MSGSEND = YES;
				ENABLE_TESTABILITY = YES;
				ENABLE_USER_SCRIPT_SANDBOXING = YES;
				GCC_C_LANGUAGE_STANDARD = gnu17;
				GCC_DYNAMIC_NO_PIC = NO;
				GCC_NO_COMMON_BLOCKS = YES;
				GCC_OPTIMIZATION_LEVEL = 0;
				GCC_PREPROCESSOR_DEFINITIONS = (
					"DEBUG=1",
					"$(inherited)",
				);
				GCC_WARN_64_TO_32_BIT_CONVERSION = YES;
				GCC_WARN_ABOUT_RETURN_TYPE = YES_ERROR;
				GCC_WARN_UNDECLARED_SELECTOR = YES;
				GCC_WARN_UNINITIALIZED_AUTOS = YES_AGGRESSIVE;
				GCC_WARN_UNUSED_FUNCTION = YES;
				GCC_WARN_UNUSED_VARIABLE = YES;
				IPHONEOS_DEPLOYMENT_TARGET = 17.0;
				LOCALIZATION_PREFERS_STRING_CATALOGS = YES;
				MTL_ENABLE_DEBUG_INFO = INCLUDE_SOURCE;
				MTL_FAST_MATH = YES;
				ONLY_ACTIVE_ARCH = YES;
				SDKROOT = iphoneos;
				SWIFT_ACTIVE_COMPILATION_CONDITIONS = "DEBUG $(inherited)";
				SWIFT_OPTIMIZATION_LEVEL = "-Onone";
			};
			name = Debug;
		};
		1D203CD52A47BF4F00B8DEBA /* Release */ = {
			isa = XCBuildConfiguration;
			buildSettings = {
				ALWAYS_SEARCH_USER_PATHS = NO;
				ASSETCATALOG_COMPILER_GENERATE_SWIFT_ASSET_SYMBOL_EXTENSIONS = YES;
				CLANG_ANALYZER_NONNULL = YES;
				CLANG_ANALYZER_NUMBER_OBJECT_CONVERSION = YES_AGGRESSIVE;
				CLANG_CXX_LANGUAGE_STANDARD = "gnu++20";
				CLANG_ENABLE_MODULES = YES;
				CLANG_ENABLE_OBJC_ARC = YES;
				CLANG_ENABLE_OBJC_WEAK = YES;
				CLANG_WARN_BLOCK_CAPTURE_AUTORELEASING = YES;
				CLANG_WARN_BOOL_CONVERSION = YES;
				CLANG_WARN_COMMA = YES;
				CLANG_WARN_CONSTANT_CONVERSION = YES;
				CLANG_WARN_DEPRECATED_OBJC_IMPLEMENTATIONS = YES;
				CLANG_WARN_DIRECT_OBJC_ISA_USAGE = YES_ERROR;
				CLANG_WARN_DOCUMENTATION_COMMENTS = YES;
				CLANG_WARN_EMPTY_BODY = YES;
				CLANG_WARN_ENUM_CONVERSION = YES;
				CLANG_WARN_INFINITE_RECURSION = YES;
				CLANG_WARN_INT_CONVERSION = YES;
				CLANG_WARN_NON_LITERAL_NULL_CONVERSION = YES;
				CLANG_WARN_OBJC_IMPLICIT_RETAIN_SELF = YES;
				CLANG_WARN_OBJC_LITERAL_CONVERSION = YES;
				CLANG_WARN_OBJC_ROOT_CLASS = YES_ERROR;
				CLANG_WARN_QUOTED_INCLUDE_IN_FRAMEWORK_HEADER = YES;
				CLANG_WARN_RANGE_LOOP_ANALYSIS = YES;
				CLANG_WARN_STRICT_PROTOTYPES = YES;
				CLANG_WARN_SUSPICIOUS_MOVE = YES;
				CLANG_WARN_UNGUARDED_AVAILABILITY = YES_AGGRESSIVE;
				CLANG_WARN_UNREACHABLE_CODE = YES;
				CLANG_WARN__DUPLICATE_METHOD_MATCH = YES;
				COPY_PHASE_STRIP = NO;
				DEBUG_INFORMATION_FORMAT = "dwarf-with-dsym";
				ENABLE_NS_ASSERTIONS = NO;
				ENABLE_STRICT_OBJC_MSGSEND = YES;
				ENABLE_USER_SCRIPT_SANDBOXING = YES;
				GCC_C_LANGUAGE_STANDARD = gnu17;
				GCC_NO_COMMON_BLOCKS = YES;
				GCC_WARN_64_TO_32_BIT_CONVERSION = YES;
				GCC_WARN_ABOUT_RETURN_TYPE = YES_ERROR;
				GCC_WARN_UNDECLARED_SELECTOR = YES;
				GCC_WARN_UNINITIALIZED_AUTOS = YES_AGGRESSIVE;
				GCC_WARN_UNUSED_FUNCTION = YES;
				GCC_WARN_UNUSED_VARIABLE = YES;
				IPHONEOS_DEPLOYMENT_TARGET = 17.0;
				LOCALIZATION_PREFERS_STRING_CATALOGS = YES;
				MTL_ENABLE_DEBUG_INFO = NO;
				MTL_FAST_MATH = YES;
				SDKROOT = iphoneos;
				SWIFT_COMPILATION_MODE = wholemodule;
				VALIDATE_PRODUCT = YES;
			};
			name = Release;
		};
		1D203CD72A47BF4F00B8DEBA /* Debug */ = {
			isa = XCBuildConfiguration;
			buildSettings = {
				ASSETCATALOG_COMPILER_APPICON_NAME = AppIcon;
				ASSETCATALOG_COMPILER_GLOBAL_ACCENT_COLOR_NAME = AccentColor;
				CODE_SIGN_STYLE = Automatic;
				CURRENT_PROJECT_VERSION = 1;
				DEVELOPMENT_ASSET_PATHS = "\"Poetry/Preview Content\"";
				DEVELOPMENT_TEAM = B4MZRFLMLS;
				ENABLE_PREVIEWS = YES;
				GENERATE_INFOPLIST_FILE = YES;
				INFOPLIST_KEY_UIApplicationSceneManifest_Generation = YES;
				INFOPLIST_KEY_UIApplicationSupportsIndirectInputEvents = YES;
				INFOPLIST_KEY_UILaunchScreen_Generation = YES;
				INFOPLIST_KEY_UISupportedInterfaceOrientations_iPad = "UIInterfaceOrientationPortrait UIInterfaceOrientationPortraitUpsideDown UIInterfaceOrientationLandscapeLeft UIInterfaceOrientationLandscapeRight";
				INFOPLIST_KEY_UISupportedInterfaceOrientations_iPhone = "UIInterfaceOrientationPortrait UIInterfaceOrientationLandscapeLeft UIInterfaceOrientationLandscapeRight";
				LD_RUNPATH_SEARCH_PATHS = (
					"$(inherited)",
					"@executable_path/Frameworks",
				);
				MARKETING_VERSION = 1.0;
				PRODUCT_BUNDLE_IDENTIFIER = com.jacobtrentini.Poetry;
				PRODUCT_NAME = "$(TARGET_NAME)";
				SWIFT_EMIT_LOC_STRINGS = YES;
				SWIFT_VERSION = 5.0;
				TARGETED_DEVICE_FAMILY = "1,2";
			};
			name = Debug;
		};
		1D203CD82A47BF4F00B8DEBA /* Release */ = {
			isa = XCBuildConfiguration;
			buildSettings = {
				ASSETCATALOG_COMPILER_APPICON_NAME = AppIcon;
				ASSETCATALOG_COMPILER_GLOBAL_ACCENT_COLOR_NAME = AccentColor;
				CODE_SIGN_STYLE = Automatic;
				CURRENT_PROJECT_VERSION = 1;
				DEVELOPMENT_ASSET_PATHS = "\"Poetry/Preview Content\"";
				DEVELOPMENT_TEAM = B4MZRFLMLS;
				ENABLE_PREVIEWS = YES;
				GENERATE_INFOPLIST_FILE = YES;
				INFOPLIST_KEY_UIApplicationSceneManifest_Generation = YES;
				INFOPLIST_KEY_UIApplicationSupportsIndirectInputEvents = YES;
				INFOPLIST_KEY_UILaunchScreen_Generation = YES;
				INFOPLIST_KEY_UISupportedInterfaceOrientations_iPad = "UIInterfaceOrientationPortrait UIInterfaceOrientationPortraitUpsideDown UIInterfaceOrientationLandscapeLeft UIInterfaceOrientationLandscapeRight";
				INFOPLIST_KEY_UISupportedInterfaceOrientations_iPhone = "UIInterfaceOrientationPortrait UIInterfaceOrientationLandscapeLeft UIInterfaceOrientationLandscapeRight";
				LD_RUNPATH_SEARCH_PATHS = (
					"$(inherited)",
					"@executable_path/Frameworks",
				);
				MARKETING_VERSION = 1.0;
				PRODUCT_BUNDLE_IDENTIFIER = com.jacobtrentini.Poetry;
				PRODUCT_NAME = "$(TARGET_NAME)";
				SWIFT_EMIT_LOC_STRINGS = YES;
				SWIFT_VERSION = 5.0;
				TARGETED_DEVICE_FAMILY = "1,2";
			};
			name = Release;
		};
/* End XCBuildConfiguration section */

/* Begin XCConfigurationList section */
		1D203CC32A47BF4E00B8DEBA /* Build configuration list for PBXProject "Poetry" */ = {
			isa = XCConfigurationList;
			buildConfigurations = (
				1D203CD42A47BF4F00B8DEBA /* Debug */,
				1D203CD52A47BF4F00B8DEBA /* Release */,
			);
			defaultConfigurationIsVisible = 0;
			defaultConfigurationName = Release;
		};
		1D203CD62A47BF4F00B8DEBA /* Build configuration list for PBXNativeTarget "Poetry" */ = {
			isa = XCConfigurationList;
			buildConfigurations = (
				1D203CD72A47BF4F00B8DEBA /* Debug */,
				1D203CD82A47BF4F00B8DEBA /* Release */,
			);
			defaultConfigurationIsVisible = 0;
			defaultConfigurationName = Release;
		};
/* End XCConfigurationList section */
	};
	rootObject = 1D203CC02A47BF4E00B8DEBA /* Project object */;
}
